// !$*UTF8*$!
{
	archiveVersion = 1;
	classes = {
	};
	objectVersion = 56;
	objects = {

/* Begin PBXBuildFile section */
		2E0DC77C2C34B21D004A05BA /* Trail.swift in Sources */ = {isa = PBXBuildFile; fileRef = 2E0DC77B2C34B21D004A05BA /* Trail.swift */; };
		2E0DC77F2C34B26D004A05BA /* CLLocationCoordinate2D.swift in Sources */ = {isa = PBXBuildFile; fileRef = 2E0DC77E2C34B26D004A05BA /* CLLocationCoordinate2D.swift */; };
		2EAABBCD2C34B27D004A05BA /* StatePeak.swift in Sources */ = {isa = PBXBuildFile; fileRef = 2EAABBCC2C34B27D004A05BA /* StatePeak.swift */; };
		2EAABBD12C34B290004A05BA /* PeaksStore.swift in Sources */ = {isa = PBXBuildFile; fileRef = 2EAABBD02C34B290004A05BA /* PeaksStore.swift */; };
		2EAABBD32C34B290004A05BA /* StatePeaksListView.swift in Sources */ = {isa = PBXBuildFile; fileRef = 2EAABBD22C34B290004A05BA /* StatePeaksListView.swift */; };
		2EE1A1292AFD5835001A6375 /* MapViewerApp.swift in Sources */ = {isa = PBXBuildFile; fileRef = 2EE1A1282AFD5835001A6375 /* MapViewerApp.swift */; };
		2EE1A12B2AFD5835001A6375 /* ContentView.swift in Sources */ = {isa = PBXBuildFile; fileRef = 2EE1A12A2AFD5835001A6375 /* ContentView.swift */; };
		2EE1A12D2AFD5836001A6375 /* Assets.xcassets in Resources */ = {isa = PBXBuildFile; fileRef = 2EE1A12C2AFD5836001A6375 /* Assets.xcassets */; };
		2EE1A1302AFD5836001A6375 /* Preview Assets.xcassets in Resources */ = {isa = PBXBuildFile; fileRef = 2EE1A12F2AFD5836001A6375 /* Preview Assets.xcassets */; };
		2EE1A13E2AFD588D001A6375 /* WatchMapViewer Watch App.app in Embed Watch Content */ = {isa = PBXBuildFile; fileRef = 2EE1A13D2AFD588D001A6375 /* WatchMapViewer Watch App.app */; settings = {ATTRIBUTES = (RemoveHeadersOnCopy, ); }; };
		2EE1A1432AFD588D001A6375 /* WatchMapViewerApp.swift in Sources */ = {isa = PBXBuildFile; fileRef = 2EE1A1422AFD588D001A6375 /* WatchMapViewerApp.swift */; };
		2EE1A1452AFD588D001A6375 /* ContentView.swift in Sources */ = {isa = PBXBuildFile; fileRef = 2EE1A1442AFD588D001A6375 /* ContentView.swift */; };
		2EE1A1472AFD588E001A6375 /* Assets.xcassets in Resources */ = {isa = PBXBuildFile; fileRef = 2EE1A1462AFD588E001A6375 /* Assets.xcassets */; };
		2EE1A14A2AFD588E001A6375 /* Preview Assets.xcassets in Resources */ = {isa = PBXBuildFile; fileRef = 2EE1A1492AFD588E001A6375 /* Preview Assets.xcassets */; };
		2EE1A1552AFD6129001A6375 /* GPXParser.swift in Sources */ = {isa = PBXBuildFile; fileRef = 2EE1A1542AFD6129001A6375 /* GPXParser.swift */; };
		2EE1A1572AFD66CC001A6375 /* GPXParser.swift in Sources */ = {isa = PBXBuildFile; fileRef = 2EE1A1542AFD6129001A6375 /* GPXParser.swift */; };
		2EE1A15A2AFD71A8001A6375 /* LocationManager.swift in Sources */ = {isa = PBXBuildFile; fileRef = 2EE1A1592AFD71A8001A6375 /* LocationManager.swift */; };
		2EE1A15B2AFD84FE001A6375 /* LocationManager.swift in Sources */ = {isa = PBXBuildFile; fileRef = 2EE1A1592AFD71A8001A6375 /* LocationManager.swift */; };
/* End PBXBuildFile section */

/* Begin PBXContainerItemProxy section */
		2EE1A13F2AFD588D001A6375 /* PBXContainerItemProxy */ = {
			isa = PBXContainerItemProxy;
			containerPortal = 2EE1A11D2AFD5835001A6375 /* Project object */;
			proxyType = 1;
			remoteGlobalIDString = 2EE1A13C2AFD588D001A6375;
			remoteInfo = "WatchMapViewer Watch App";
		};
/* End PBXContainerItemProxy section */

/* Begin PBXCopyFilesBuildPhase section */
		2EE1A14E2AFD588E001A6375 /* Embed Watch Content */ = {
			isa = PBXCopyFilesBuildPhase;
			buildActionMask = 2147483647;
			dstPath = "$(CONTENTS_FOLDER_PATH)/Watch";
			dstSubfolderSpec = 16;
			files = (
				2EE1A13E2AFD588D001A6375 /* WatchMapViewer Watch App.app in Embed Watch Content */,
			);
			name = "Embed Watch Content";
			runOnlyForDeploymentPostprocessing = 0;
		};
/* End PBXCopyFilesBuildPhase section */

/* Begin PBXFileReference section */
		2E0DC77B2C34B21D004A05BA /* Trail.swift */ = {isa = PBXFileReference; lastKnownFileType = sourcecode.swift; path = Trail.swift; sourceTree = "<group>"; };
		2E0DC77E2C34B26D004A05BA /* CLLocationCoordinate2D.swift */ = {isa = PBXFileReference; lastKnownFileType = sourcecode.swift; path = CLLocationCoordinate2D.swift; sourceTree = "<group>"; };
		2E1266172BFFCD5A004FB094 /* Info.plist */ = {isa = PBXFileReference; lastKnownFileType = text.plist; path = Info.plist; sourceTree = "<group>"; };
		2EAABBCC2C34B27D004A05BA /* StatePeak.swift */ = {isa = PBXFileReference; lastKnownFileType = sourcecode.swift; path = StatePeak.swift; sourceTree = "<group>"; };
		2EAABBD02C34B290004A05BA /* PeaksStore.swift */ = {isa = PBXFileReference; lastKnownFileType = sourcecode.swift; path = PeaksStore.swift; sourceTree = "<group>"; };
		2EAABBD22C34B290004A05BA /* StatePeaksListView.swift */ = {isa = PBXFileReference; lastKnownFileType = sourcecode.swift; path = StatePeaksListView.swift; sourceTree = "<group>"; };
		2EE1A1252AFD5835001A6375 /* MapViewer.app */ = {isa = PBXFileReference; explicitFileType = wrapper.application; includeInIndex = 0; path = MapViewer.app; sourceTree = BUILT_PRODUCTS_DIR; };
		2EE1A1282AFD5835001A6375 /* MapViewerApp.swift */ = {isa = PBXFileReference; lastKnownFileType = sourcecode.swift; path = MapViewerApp.swift; sourceTree = "<group>"; };
		2EE1A12A2AFD5835001A6375 /* ContentView.swift */ = {isa = PBXFileReference; lastKnownFileType = sourcecode.swift; path = ContentView.swift; sourceTree = "<group>"; };
		2EE1A12C2AFD5836001A6375 /* Assets.xcassets */ = {isa = PBXFileReference; lastKnownFileType = folder.assetcatalog; path = Assets.xcassets; sourceTree = "<group>"; };
		2EE1A12F2AFD5836001A6375 /* Preview Assets.xcassets */ = {isa = PBXFileReference; lastKnownFileType = folder.assetcatalog; path = "Preview Assets.xcassets"; sourceTree = "<group>"; };
		2EE1A1382AFD588D001A6375 /* WatchMapViewer.app */ = {isa = PBXFileReference; explicitFileType = wrapper.application; includeInIndex = 0; path = WatchMapViewer.app; sourceTree = BUILT_PRODUCTS_DIR; };
		2EE1A13D2AFD588D001A6375 /* WatchMapViewer Watch App.app */ = {isa = PBXFileReference; explicitFileType = wrapper.application; includeInIndex = 0; path = "WatchMapViewer Watch App.app"; sourceTree = BUILT_PRODUCTS_DIR; };
		2EE1A1422AFD588D001A6375 /* WatchMapViewerApp.swift */ = {isa = PBXFileReference; lastKnownFileType = sourcecode.swift; path = WatchMapViewerApp.swift; sourceTree = "<group>"; };
		2EE1A1442AFD588D001A6375 /* ContentView.swift */ = {isa = PBXFileReference; lastKnownFileType = sourcecode.swift; path = ContentView.swift; sourceTree = "<group>"; };
		2EE1A1462AFD588E001A6375 /* Assets.xcassets */ = {isa = PBXFileReference; lastKnownFileType = folder.assetcatalog; path = Assets.xcassets; sourceTree = "<group>"; };
		2EE1A1492AFD588E001A6375 /* Preview Assets.xcassets */ = {isa = PBXFileReference; lastKnownFileType = folder.assetcatalog; path = "Preview Assets.xcassets"; sourceTree = "<group>"; };
		2EE1A1542AFD6129001A6375 /* GPXParser.swift */ = {isa = PBXFileReference; lastKnownFileType = sourcecode.swift; path = GPXParser.swift; sourceTree = "<group>"; };
		2EE1A1592AFD71A8001A6375 /* LocationManager.swift */ = {isa = PBXFileReference; lastKnownFileType = sourcecode.swift; path = LocationManager.swift; sourceTree = "<group>"; };
/* End PBXFileReference section */

/* Begin PBXFrameworksBuildPhase section */
		2EE1A1222AFD5835001A6375 /* Frameworks */ = {
			isa = PBXFrameworksBuildPhase;
			buildActionMask = 2147483647;
			files = (
			);
			runOnlyForDeploymentPostprocessing = 0;
		};
		2EE1A13A2AFD588D001A6375 /* Frameworks */ = {
			isa = PBXFrameworksBuildPhase;
			buildActionMask = 2147483647;
			files = (
			);
			runOnlyForDeploymentPostprocessing = 0;
		};
/* End PBXFrameworksBuildPhase section */

/* Begin PBXGroup section */
		2E0DC77D2C34B263004A05BA /* Extensions */ = {
			isa = PBXGroup;
			children = (
				2E0DC77E2C34B26D004A05BA /* CLLocationCoordinate2D.swift */,
			);
			path = Extensions;
			sourceTree = "<group>";
		};
		2EE1A11C2AFD5835001A6375 = {
			isa = PBXGroup;
			children = (
				2EE1A1272AFD5835001A6375 /* MapViewer */,
				2EE1A1412AFD588D001A6375 /* WatchMapViewer Watch App */,
				2EE1A1262AFD5835001A6375 /* Products */,
			);
			sourceTree = "<group>";
		};
		2EE1A1262AFD5835001A6375 /* Products */ = {
			isa = PBXGroup;
			children = (
				2EE1A1252AFD5835001A6375 /* MapViewer.app */,
				2EE1A1382AFD588D001A6375 /* WatchMapViewer.app */,
				2EE1A13D2AFD588D001A6375 /* WatchMapViewer Watch App.app */,
			);
			name = Products;
			sourceTree = "<group>";
		};
		2EE1A1272AFD5835001A6375 /* MapViewer */ = {
			isa = PBXGroup;
			children = (
				2E0DC77D2C34B263004A05BA /* Extensions */,
				2E1266172BFFCD5A004FB094 /* Info.plist */,
				2E0DC77B2C34B21D004A05BA /* Trail.swift */,
				2EAABBCC2C34B27D004A05BA /* StatePeak.swift */,
				2EAABBD02C34B290004A05BA /* PeaksStore.swift */,
				2EAABBD22C34B290004A05BA /* StatePeaksListView.swift */,
				2EE1A1542AFD6129001A6375 /* GPXParser.swift */,
				2EE1A1592AFD71A8001A6375 /* LocationManager.swift */,
				2EE1A1282AFD5835001A6375 /* MapViewerApp.swift */,
				2EE1A12A2AFD5835001A6375 /* ContentView.swift */,
				2EE1A12C2AFD5836001A6375 /* Assets.xcassets */,
				2EE1A12E2AFD5836001A6375 /* Preview Content */,
			);
			path = MapViewer;
			sourceTree = "<group>";
		};
		2EE1A12E2AFD5836001A6375 /* Preview Content */ = {
			isa = PBXGroup;
			children = (
				2EE1A12F2AFD5836001A6375 /* Preview Assets.xcassets */,
			);
			path = "Preview Content";
			sourceTree = "<group>";
		};
		2EE1A1412AFD588D001A6375 /* WatchMapViewer Watch App */ = {
			isa = PBXGroup;
			children = (
				2EE1A1422AFD588D001A6375 /* WatchMapViewerApp.swift */,
				2EE1A1442AFD588D001A6375 /* ContentView.swift */,
				2EE1A1462AFD588E001A6375 /* Assets.xcassets */,
				2EE1A1482AFD588E001A6375 /* Preview Content */,
			);
			path = "WatchMapViewer Watch App";
			sourceTree = "<group>";
		};
		2EE1A1482AFD588E001A6375 /* Preview Content */ = {
			isa = PBXGroup;
			children = (
				2EE1A1492AFD588E001A6375 /* Preview Assets.xcassets */,
			);
			path = "Preview Content";
			sourceTree = "<group>";
		};
/* End PBXGroup section */

/* Begin PBXNativeTarget section */
		2EE1A1242AFD5835001A6375 /* MapViewer */ = {
			isa = PBXNativeTarget;
			buildConfigurationList = 2EE1A1332AFD5836001A6375 /* Build configuration list for PBXNativeTarget "MapViewer" */;
			buildPhases = (
				2EE1A1212AFD5835001A6375 /* Sources */,
				2EE1A1222AFD5835001A6375 /* Frameworks */,
				2EE1A1232AFD5835001A6375 /* Resources */,
			);
			buildRules = (
			);
			dependencies = (
			);
			name = MapViewer;
			productName = MapViewer;
			productReference = 2EE1A1252AFD5835001A6375 /* MapViewer.app */;
			productType = "com.apple.product-type.application";
		};
		2EE1A1372AFD588D001A6375 /* WatchMapViewer */ = {
			isa = PBXNativeTarget;
			buildConfigurationList = 2EE1A14F2AFD588E001A6375 /* Build configuration list for PBXNativeTarget "WatchMapViewer" */;
			buildPhases = (
				2EE1A1362AFD588D001A6375 /* Resources */,
				2EE1A14E2AFD588E001A6375 /* Embed Watch Content */,
			);
			buildRules = (
			);
			dependencies = (
				2EE1A1402AFD588D001A6375 /* PBXTargetDependency */,
			);
			name = WatchMapViewer;
			productName = WatchMapViewer;
			productReference = 2EE1A1382AFD588D001A6375 /* WatchMapViewer.app */;
			productType = "com.apple.product-type.application.watchapp2-container";
		};
		2EE1A13C2AFD588D001A6375 /* WatchMapViewer Watch App */ = {
			isa = PBXNativeTarget;
			buildConfigurationList = 2EE1A14B2AFD588E001A6375 /* Build configuration list for PBXNativeTarget "WatchMapViewer Watch App" */;
			buildPhases = (
				2EE1A1392AFD588D001A6375 /* Sources */,
				2EE1A13A2AFD588D001A6375 /* Frameworks */,
				2EE1A13B2AFD588D001A6375 /* Resources */,
			);
			buildRules = (
			);
			dependencies = (
			);
			name = "WatchMapViewer Watch App";
			productName = "WatchMapViewer Watch App";
			productReference = 2EE1A13D2AFD588D001A6375 /* WatchMapViewer Watch App.app */;
			productType = "com.apple.product-type.application";
		};
/* End PBXNativeTarget section */

/* Begin PBXProject section */
		2EE1A11D2AFD5835001A6375 /* Project object */ = {
			isa = PBXProject;
			attributes = {
				BuildIndependentTargetsInParallel = 1;
				LastSwiftUpdateCheck = 1500;
				LastUpgradeCheck = 1500;
				TargetAttributes = {
					2EE1A1242AFD5835001A6375 = {
						CreatedOnToolsVersion = 15.0;
					};
					2EE1A1372AFD588D001A6375 = {
						CreatedOnToolsVersion = 15.0;
					};
					2EE1A13C2AFD588D001A6375 = {
						CreatedOnToolsVersion = 15.0;
					};
				};
			};
			buildConfigurationList = 2EE1A1202AFD5835001A6375 /* Build configuration list for PBXProject "MapViewer" */;
			compatibilityVersion = "Xcode 14.0";
			developmentRegion = en;
			hasScannedForEncodings = 0;
			knownRegions = (
				en,
				Base,
			);
			mainGroup = 2EE1A11C2AFD5835001A6375;
			productRefGroup = 2EE1A1262AFD5835001A6375 /* Products */;
			projectDirPath = "";
			projectRoot = "";
			targets = (
				2EE1A1242AFD5835001A6375 /* MapViewer */,
				2EE1A1372AFD588D001A6375 /* WatchMapViewer */,
				2EE1A13C2AFD588D001A6375 /* WatchMapViewer Watch App */,
			);
		};
/* End PBXProject section */

/* Begin PBXResourcesBuildPhase section */
		2EE1A1232AFD5835001A6375 /* Resources */ = {
			isa = PBXResourcesBuildPhase;
			buildActionMask = 2147483647;
			files = (
				2EE1A1302AFD5836001A6375 /* Preview Assets.xcassets in Resources */,
				2EE1A12D2AFD5836001A6375 /* Assets.xcassets in Resources */,
			);
			runOnlyForDeploymentPostprocessing = 0;
		};
		2EE1A1362AFD588D001A6375 /* Resources */ = {
			isa = PBXResourcesBuildPhase;
			buildActionMask = 2147483647;
			files = (
			);
			runOnlyForDeploymentPostprocessing = 0;
		};
		2EE1A13B2AFD588D001A6375 /* Resources */ = {
			isa = PBXResourcesBuildPhase;
			buildActionMask = 2147483647;
			files = (
				2EE1A14A2AFD588E001A6375 /* Preview Assets.xcassets in Resources */,
				2EE1A1472AFD588E001A6375 /* Assets.xcassets in Resources */,
			);
			runOnlyForDeploymentPostprocessing = 0;
		};
/* End PBXResourcesBuildPhase section */

/* Begin PBXSourcesBuildPhase section */
		2EE1A1212AFD5835001A6375 /* Sources */ = {
			isa = PBXSourcesBuildPhase;
			buildActionMask = 2147483647;
			files = (
				2EE1A15A2AFD71A8001A6375 /* LocationManager.swift in Sources */,
				2E0DC77C2C34B21D004A05BA /* Trail.swift in Sources */,
				2EAABBCD2C34B27D004A05BA /* StatePeak.swift in Sources */,
				2EAABBD12C34B290004A05BA /* PeaksStore.swift in Sources */,
				2EAABBD32C34B290004A05BA /* StatePeaksListView.swift in Sources */,
				2EE1A12B2AFD5835001A6375 /* ContentView.swift in Sources */,
				2EE1A1292AFD5835001A6375 /* MapViewerApp.swift in Sources */,
				2EE1A1552AFD6129001A6375 /* GPXParser.swift in Sources */,
				2E0DC77F2C34B26D004A05BA /* CLLocationCoordinate2D.swift in Sources */,
			);
			runOnlyForDeploymentPostprocessing = 0;
		};
		2EE1A1392AFD588D001A6375 /* Sources */ = {
			isa = PBXSourcesBuildPhase;
			buildActionMask = 2147483647;
			files = (
				2EE1A15B2AFD84FE001A6375 /* LocationManager.swift in Sources */,
				2EE1A1452AFD588D001A6375 /* ContentView.swift in Sources */,
				2EE1A1432AFD588D001A6375 /* WatchMapViewerApp.swift in Sources */,
				2EE1A1572AFD66CC001A6375 /* GPXParser.swift in Sources */,
			);
			runOnlyForDeploymentPostprocessing = 0;
		};
/* End PBXSourcesBuildPhase section */

/* Begin PBXTargetDependency section */
		2EE1A1402AFD588D001A6375 /* PBXTargetDependency */ = {
			isa = PBXTargetDependency;
			target = 2EE1A13C2AFD588D001A6375 /* WatchMapViewer Watch App */;
			targetProxy = 2EE1A13F2AFD588D001A6375 /* PBXContainerItemProxy */;
		};
/* End PBXTargetDependency section */

/* Begin XCBuildConfiguration section */
		2EE1A1312AFD5836001A6375 /* Debug */ = {
			isa = XCBuildConfiguration;
			buildSettings = {
				ALWAYS_SEARCH_USER_PATHS = NO;
				ASSETCATALOG_COMPILER_GENERATE_SWIFT_ASSET_SYMBOL_EXTENSIONS = YES;
				CLANG_ANALYZER_NONNULL = YES;
				CLANG_ANALYZER_NUMBER_OBJECT_CONVERSION = YES_AGGRESSIVE;
				CLANG_CXX_LANGUAGE_STANDARD = "gnu++20";
				CLANG_ENABLE_MODULES = YES;
				CLANG_ENABLE_OBJC_ARC = YES;
				CLANG_ENABLE_OBJC_WEAK = YES;
				CLANG_WARN_BLOCK_CAPTURE_AUTORELEASING = YES;
				CLANG_WARN_BOOL_CONVERSION = YES;
				CLANG_WARN_COMMA = YES;
				CLANG_WARN_CONSTANT_CONVERSION = YES;
				CLANG_WARN_DEPRECATED_OBJC_IMPLEMENTATIONS = YES;
				CLANG_WARN_DIRECT_OBJC_ISA_USAGE = YES_ERROR;
				CLANG_WARN_DOCUMENTATION_COMMENTS = YES;
				CLANG_WARN_EMPTY_BODY = YES;
				CLANG_WARN_ENUM_CONVERSION = YES;
				CLANG_WARN_INFINITE_RECURSION = YES;
				CLANG_WARN_INT_CONVERSION = YES;
				CLANG_WARN_NON_LITERAL_NULL_CONVERSION = YES;
				CLANG_WARN_OBJC_IMPLICIT_RETAIN_SELF = YES;
				CLANG_WARN_OBJC_LITERAL_CONVERSION = YES;
				CLANG_WARN_OBJC_ROOT_CLASS = YES_ERROR;
				CLANG_WARN_QUOTED_INCLUDE_IN_FRAMEWORK_HEADER = YES;
				CLANG_WARN_RANGE_LOOP_ANALYSIS = YES;
				CLANG_WARN_STRICT_PROTOTYPES = YES;
				CLANG_WARN_SUSPICIOUS_MOVE = YES;
				CLANG_WARN_UNGUARDED_AVAILABILITY = YES_AGGRESSIVE;
				CLANG_WARN_UNREACHABLE_CODE = YES;
				CLANG_WARN__DUPLICATE_METHOD_MATCH = YES;
				COPY_PHASE_STRIP = NO;
				DEBUG_INFORMATION_FORMAT = dwarf;
				ENABLE_STRICT_OBJC_MSGSEND = YES;
				ENABLE_TESTABILITY = YES;
				ENABLE_USER_SCRIPT_SANDBOXING = YES;
				GCC_C_LANGUAGE_STANDARD = gnu17;
				GCC_DYNAMIC_NO_PIC = NO;
				GCC_NO_COMMON_BLOCKS = YES;
				GCC_OPTIMIZATION_LEVEL = 0;
				GCC_PREPROCESSOR_DEFINITIONS = (
					"DEBUG=1",
					"$(inherited)",
				);
				GCC_WARN_64_TO_32_BIT_CONVERSION = YES;
				GCC_WARN_ABOUT_RETURN_TYPE = YES_ERROR;
				GCC_WARN_UNDECLARED_SELECTOR = YES;
				GCC_WARN_UNINITIALIZED_AUTOS = YES_AGGRESSIVE;
				GCC_WARN_UNUSED_FUNCTION = YES;
				GCC_WARN_UNUSED_VARIABLE = YES;
				IPHONEOS_DEPLOYMENT_TARGET = 17.0;
				LOCALIZATION_PREFERS_STRING_CATALOGS = YES;
				MTL_ENABLE_DEBUG_INFO = INCLUDE_SOURCE;
				MTL_FAST_MATH = YES;
				ONLY_ACTIVE_ARCH = YES;
				SDKROOT = iphoneos;
				SWIFT_ACTIVE_COMPILATION_CONDITIONS = "DEBUG $(inherited)";
				SWIFT_OPTIMIZATION_LEVEL = "-Onone";
			};
			name = Debug;
		};
		2EE1A1322AFD5836001A6375 /* Release */ = {
			isa = XCBuildConfiguration;
			buildSettings = {
				ALWAYS_SEARCH_USER_PATHS = NO;
				ASSETCATALOG_COMPILER_GENERATE_SWIFT_ASSET_SYMBOL_EXTENSIONS = YES;
				CLANG_ANALYZER_NONNULL = YES;
				CLANG_ANALYZER_NUMBER_OBJECT_CONVERSION = YES_AGGRESSIVE;
				CLANG_CXX_LANGUAGE_STANDARD = "gnu++20";
				CLANG_ENABLE_MODULES = YES;
				CLANG_ENABLE_OBJC_ARC = YES;
				CLANG_ENABLE_OBJC_WEAK = YES;
				CLANG_WARN_BLOCK_CAPTURE_AUTORELEASING = YES;
				CLANG_WARN_BOOL_CONVERSION = YES;
				CLANG_WARN_COMMA = YES;
				CLANG_WARN_CONSTANT_CONVERSION = YES;
				CLANG_WARN_DEPRECATED_OBJC_IMPLEMENTATIONS = YES;
				CLANG_WARN_DIRECT_OBJC_ISA_USAGE = YES_ERROR;
				CLANG_WARN_DOCUMENTATION_COMMENTS = YES;
				CLANG_WARN_EMPTY_BODY = YES;
				CLANG_WARN_ENUM_CONVERSION = YES;
				CLANG_WARN_INFINITE_RECURSION = YES;
				CLANG_WARN_INT_CONVERSION = YES;
				CLANG_WARN_NON_LITERAL_NULL_CONVERSION = YES;
				CLANG_WARN_OBJC_IMPLICIT_RETAIN_SELF = YES;
				CLANG_WARN_OBJC_LITERAL_CONVERSION = YES;
				CLANG_WARN_OBJC_ROOT_CLASS = YES_ERROR;
				CLANG_WARN_QUOTED_INCLUDE_IN_FRAMEWORK_HEADER = YES;
				CLANG_WARN_RANGE_LOOP_ANALYSIS = YES;
				CLANG_WARN_STRICT_PROTOTYPES = YES;
				CLANG_WARN_SUSPICIOUS_MOVE = YES;
				CLANG_WARN_UNGUARDED_AVAILABILITY = YES_AGGRESSIVE;
				CLANG_WARN_UNREACHABLE_CODE = YES;
				CLANG_WARN__DUPLICATE_METHOD_MATCH = YES;
				COPY_PHASE_STRIP = NO;
				DEBUG_INFORMATION_FORMAT = "dwarf-with-dsym";
				ENABLE_NS_ASSERTIONS = NO;
				ENABLE_STRICT_OBJC_MSGSEND = YES;
				ENABLE_USER_SCRIPT_SANDBOXING = YES;
				GCC_C_LANGUAGE_STANDARD = gnu17;
				GCC_NO_COMMON_BLOCKS = YES;
				GCC_WARN_64_TO_32_BIT_CONVERSION = YES;
				GCC_WARN_ABOUT_RETURN_TYPE = YES_ERROR;
				GCC_WARN_UNDECLARED_SELECTOR = YES;
				GCC_WARN_UNINITIALIZED_AUTOS = YES_AGGRESSIVE;
				GCC_WARN_UNUSED_FUNCTION = YES;
				GCC_WARN_UNUSED_VARIABLE = YES;
				IPHONEOS_DEPLOYMENT_TARGET = 17.0;
				LOCALIZATION_PREFERS_STRING_CATALOGS = YES;
				MTL_ENABLE_DEBUG_INFO = NO;
				MTL_FAST_MATH = YES;
				SDKROOT = iphoneos;
				SWIFT_COMPILATION_MODE = wholemodule;
				VALIDATE_PRODUCT = YES;
			};
			name = Release;
		};
		2EE1A1342AFD5836001A6375 /* Debug */ = {
			isa = XCBuildConfiguration;
			buildSettings = {
				ASSETCATALOG_COMPILER_APPICON_NAME = AppIcon;
				ASSETCATALOG_COMPILER_GLOBAL_ACCENT_COLOR_NAME = AccentColor;
				CODE_SIGN_STYLE = Automatic;
				CURRENT_PROJECT_VERSION = 1;
				DEVELOPMENT_ASSET_PATHS = "\"MapViewer/Preview Content\"";
				DEVELOPMENT_TEAM = NJ4VVCSZ7F;
				ENABLE_PREVIEWS = YES;
				GENERATE_INFOPLIST_FILE = YES;
				INFOPLIST_FILE = MapViewer/Info.plist;
				INFOPLIST_KEY_CFBundleDisplayName = "Map Viewer";
				INFOPLIST_KEY_NSDocumentsFolderUsageDescription = "Access to Documents folder is needed to import files.";
				INFOPLIST_KEY_NSDownloadsFolderUsageDescription = "Access to Downloads folder is needed to import files.";
				INFOPLIST_KEY_NSLocationAlwaysAndWhenInUseUsageDescription = "Location access is needed to show the location.";
				INFOPLIST_KEY_NSLocationUsageDescription = "Location access is needed to show the location.";
				INFOPLIST_KEY_NSLocationWhenInUseUsageDescription = "Location access is needed to show the location.";
				INFOPLIST_KEY_UIApplicationSceneManifest_Generation = YES;
				INFOPLIST_KEY_UIApplicationSupportsIndirectInputEvents = YES;
				INFOPLIST_KEY_UILaunchScreen_Generation = YES;
				INFOPLIST_KEY_UISupportedInterfaceOrientations_iPad = "UIInterfaceOrientationPortrait UIInterfaceOrientationPortraitUpsideDown UIInterfaceOrientationLandscapeLeft UIInterfaceOrientationLandscapeRight";
				INFOPLIST_KEY_UISupportedInterfaceOrientations_iPhone = "UIInterfaceOrientationPortrait UIInterfaceOrientationLandscapeLeft UIInterfaceOrientationLandscapeRight";
				IPHONEOS_DEPLOYMENT_TARGET = 26.0;
				LD_RUNPATH_SEARCH_PATHS = (
					"$(inherited)",
					"@executable_path/Frameworks",
				);
				MARKETING_VERSION = 1.0;
				PRODUCT_BUNDLE_IDENTIFIER = com.makhun.MapViewer;
				PRODUCT_NAME = "$(TARGET_NAME)";
				SWIFT_EMIT_LOC_STRINGS = YES;
				SWIFT_VERSION = 5.0;
				TARGETED_DEVICE_FAMILY = "1,2";
			};
			name = Debug;
		};
		2EE1A1352AFD5836001A6375 /* Release */ = {
			isa = XCBuildConfiguration;
			buildSettings = {
				ASSETCATALOG_COMPILER_APPICON_NAME = AppIcon;
				ASSETCATALOG_COMPILER_GLOBAL_ACCENT_COLOR_NAME = AccentColor;
				CODE_SIGN_STYLE = Automatic;
				CURRENT_PROJECT_VERSION = 1;
				DEVELOPMENT_ASSET_PATHS = "\"MapViewer/Preview Content\"";
				DEVELOPMENT_TEAM = NJ4VVCSZ7F;
				ENABLE_PREVIEWS = YES;
				GENERATE_INFOPLIST_FILE = YES;
				INFOPLIST_FILE = MapViewer/Info.plist;
				INFOPLIST_KEY_CFBundleDisplayName = "Map Viewer";
				INFOPLIST_KEY_NSDocumentsFolderUsageDescription = "Access to Documents folder is needed to import files.";
				INFOPLIST_KEY_NSDownloadsFolderUsageDescription = "Access to Downloads folder is needed to import files.";
				INFOPLIST_KEY_NSLocationAlwaysAndWhenInUseUsageDescription = "Location access is needed to show the location.";
				INFOPLIST_KEY_NSLocationUsageDescription = "Location access is needed to show the location.";
				INFOPLIST_KEY_NSLocationWhenInUseUsageDescription = "Location access is needed to show the location.";
				INFOPLIST_KEY_UIApplicationSceneManifest_Generation = YES;
				INFOPLIST_KEY_UIApplicationSupportsIndirectInputEvents = YES;
				INFOPLIST_KEY_UILaunchScreen_Generation = YES;
				INFOPLIST_KEY_UISupportedInterfaceOrientations_iPad = "UIInterfaceOrientationPortrait UIInterfaceOrientationPortraitUpsideDown UIInterfaceOrientationLandscapeLeft UIInterfaceOrientationLandscapeRight";
				INFOPLIST_KEY_UISupportedInterfaceOrientations_iPhone = "UIInterfaceOrientationPortrait UIInterfaceOrientationLandscapeLeft UIInterfaceOrientationLandscapeRight";
				IPHONEOS_DEPLOYMENT_TARGET = 26.0;
				LD_RUNPATH_SEARCH_PATHS = (
					"$(inherited)",
					"@executable_path/Frameworks",
				);
				MARKETING_VERSION = 1.0;
				PRODUCT_BUNDLE_IDENTIFIER = com.makhun.MapViewer;
				PRODUCT_NAME = "$(TARGET_NAME)";
				SWIFT_EMIT_LOC_STRINGS = YES;
				SWIFT_VERSION = 5.0;
				TARGETED_DEVICE_FAMILY = "1,2";
			};
			name = Release;
		};
		2EE1A14C2AFD588E001A6375 /* Debug */ = {
			isa = XCBuildConfiguration;
			buildSettings = {
				ASSETCATALOG_COMPILER_APPICON_NAME = AppIcon;
				ASSETCATALOG_COMPILER_GLOBAL_ACCENT_COLOR_NAME = AccentColor;
				CODE_SIGN_STYLE = Automatic;
				CURRENT_PROJECT_VERSION = 1;
				DEVELOPMENT_ASSET_PATHS = "\"WatchMapViewer Watch App/Preview Content\"";
				DEVELOPMENT_TEAM = ZDKC87H3V9;
				ENABLE_PREVIEWS = YES;
				GENERATE_INFOPLIST_FILE = YES;
				INFOPLIST_KEY_CFBundleDisplayName = WatchMapViewer;
				INFOPLIST_KEY_UISupportedInterfaceOrientations = "UIInterfaceOrientationPortrait UIInterfaceOrientationPortraitUpsideDown";
				INFOPLIST_KEY_WKWatchOnly = YES;
				LD_RUNPATH_SEARCH_PATHS = (
					"$(inherited)",
					"@executable_path/Frameworks",
				);
				MARKETING_VERSION = 1.0;
				PRODUCT_BUNDLE_IDENTIFIER = com.makhun.WatchMapViewer.watchkitapp;
				PRODUCT_NAME = "$(TARGET_NAME)";
				SDKROOT = watchos;
				SKIP_INSTALL = YES;
				SWIFT_EMIT_LOC_STRINGS = YES;
				SWIFT_VERSION = 5.0;
				TARGETED_DEVICE_FAMILY = 4;
				WATCHOS_DEPLOYMENT_TARGET = 10.0;
			};
			name = Debug;
		};
		2EE1A14D2AFD588E001A6375 /* Release */ = {
			isa = XCBuildConfiguration;
			buildSettings = {
				ASSETCATALOG_COMPILER_APPICON_NAME = AppIcon;
				ASSETCATALOG_COMPILER_GLOBAL_ACCENT_COLOR_NAME = AccentColor;
				CODE_SIGN_STYLE = Automatic;
				CURRENT_PROJECT_VERSION = 1;
				DEVELOPMENT_ASSET_PATHS = "\"WatchMapViewer Watch App/Preview Content\"";
				DEVELOPMENT_TEAM = ZDKC87H3V9;
				ENABLE_PREVIEWS = YES;
				GENERATE_INFOPLIST_FILE = YES;
				INFOPLIST_KEY_CFBundleDisplayName = WatchMapViewer;
				INFOPLIST_KEY_UISupportedInterfaceOrientations = "UIInterfaceOrientationPortrait UIInterfaceOrientationPortraitUpsideDown";
				INFOPLIST_KEY_WKWatchOnly = YES;
				LD_RUNPATH_SEARCH_PATHS = (
					"$(inherited)",
					"@executable_path/Frameworks",
				);
				MARKETING_VERSION = 1.0;
				PRODUCT_BUNDLE_IDENTIFIER = com.makhun.WatchMapViewer.watchkitapp;
				PRODUCT_NAME = "$(TARGET_NAME)";
				SDKROOT = watchos;
				SKIP_INSTALL = YES;
				SWIFT_EMIT_LOC_STRINGS = YES;
				SWIFT_VERSION = 5.0;
				TARGETED_DEVICE_FAMILY = 4;
				WATCHOS_DEPLOYMENT_TARGET = 10.0;
			};
			name = Release;
		};
		2EE1A1502AFD588E001A6375 /* Debug */ = {
			isa = XCBuildConfiguration;
			buildSettings = {
				ALWAYS_EMBED_SWIFT_STANDARD_LIBRARIES = YES;
				CODE_SIGN_STYLE = Automatic;
				CURRENT_PROJECT_VERSION = 1;
				DEVELOPMENT_TEAM = ZDKC87H3V9;
				INFOPLIST_KEY_CFBundleDisplayName = WatchMapViewer;
				MARKETING_VERSION = 1.0;
				PRODUCT_BUNDLE_IDENTIFIER = com.makhun.WatchMapViewer;
				PRODUCT_NAME = "$(TARGET_NAME)";
				SWIFT_VERSION = 5.0;
			};
			name = Debug;
		};
		2EE1A1512AFD588E001A6375 /* Release */ = {
			isa = XCBuildConfiguration;
			buildSettings = {
				ALWAYS_EMBED_SWIFT_STANDARD_LIBRARIES = YES;
				CODE_SIGN_STYLE = Automatic;
				CURRENT_PROJECT_VERSION = 1;
				DEVELOPMENT_TEAM = ZDKC87H3V9;
				INFOPLIST_KEY_CFBundleDisplayName = WatchMapViewer;
				MARKETING_VERSION = 1.0;
				PRODUCT_BUNDLE_IDENTIFIER = com.makhun.WatchMapViewer;
				PRODUCT_NAME = "$(TARGET_NAME)";
				SWIFT_VERSION = 5.0;
			};
			name = Release;
		};
/* End XCBuildConfiguration section */

/* Begin XCConfigurationList section */
		2EE1A1202AFD5835001A6375 /* Build configuration list for PBXProject "MapViewer" */ = {
			isa = XCConfigurationList;
			buildConfigurations = (
				2EE1A1312AFD5836001A6375 /* Debug */,
				2EE1A1322AFD5836001A6375 /* Release */,
			);
			defaultConfigurationIsVisible = 0;
			defaultConfigurationName = Release;
		};
		2EE1A1332AFD5836001A6375 /* Build configuration list for PBXNativeTarget "MapViewer" */ = {
			isa = XCConfigurationList;
			buildConfigurations = (
				2EE1A1342AFD5836001A6375 /* Debug */,
				2EE1A1352AFD5836001A6375 /* Release */,
			);
			defaultConfigurationIsVisible = 0;
			defaultConfigurationName = Release;
		};
		2EE1A14B2AFD588E001A6375 /* Build configuration list for PBXNativeTarget "WatchMapViewer Watch App" */ = {
			isa = XCConfigurationList;
			buildConfigurations = (
				2EE1A14C2AFD588E001A6375 /* Debug */,
				2EE1A14D2AFD588E001A6375 /* Release */,
			);
			defaultConfigurationIsVisible = 0;
			defaultConfigurationName = Release;
		};
		2EE1A14F2AFD588E001A6375 /* Build configuration list for PBXNativeTarget "WatchMapViewer" */ = {
			isa = XCConfigurationList;
			buildConfigurations = (
				2EE1A1502AFD588E001A6375 /* Debug */,
				2EE1A1512AFD588E001A6375 /* Release */,
			);
			defaultConfigurationIsVisible = 0;
			defaultConfigurationName = Release;
		};
/* End XCConfigurationList section */
	};
	rootObject = 2EE1A11D2AFD5835001A6375 /* Project object */;
}
